
Microsoft Visual Studio Solution File, Format Version 12.00
# Visual Studio Version 16
VisualStudioVersion = 16.0.29025.244
MinimumVisualStudioVersion = 10.0.40219.1
Project("{FAE04EC0-301F-11D3-BF4B-00C04F79EFBC}") = "CsharpCollections", "CsharpCollections\CsharpCollections.csproj", "{C3A72BFC-E167-441B-BE85-D66870F135B3}"
EndProject
Project("{FAE04EC0-301F-11D3-BF4B-00C04F79EFBC}") = "Countries-Module2", "Countries-Module2\Countries-Module2.csproj", "{13DE4D08-923B-4379-9489-CDDCBEF63B5E}"
EndProject
Project("{FAE04EC0-301F-11D3-BF4B-00C04F79EFBC}") = "NoughtsAndCrosses", "NoughtsAndCrosses\NoughtsAndCrosses.csproj", "{A237149F-DFC5-4B6C-B30F-AAAF3C8EDB9D}"
EndProject
Global
	GlobalSection(SolutionConfigurationPlatforms) = preSolution
		Debug|Any CPU = Debug|Any CPU
		Release|Any CPU = Release|Any CPU
	EndGlobalSection
	GlobalSection(ProjectConfigurationPlatforms) = postSolution
		{C3A72BFC-E167-441B-BE85-D66870F135B3}.Debug|Any CPU.ActiveCfg = Debug|Any CPU
		{C3A72BFC-E167-441B-BE85-D66870F135B3}.Debug|Any CPU.Build.0 = Debug|Any CPU
		{C3A72BFC-E167-441B-BE85-D66870F135B3}.Release|Any CPU.ActiveCfg = Release|Any CPU
		{C3A72BFC-E167-441B-BE85-D66870F135B3}.Release|Any CPU.Build.0 = Release|Any CPU
		{13DE4D08-923B-4379-9489-CDDCBEF63B5E}.Debug|Any CPU.ActiveCfg = Debug|Any CPU
		{13DE4D08-923B-4379-9489-CDDCBEF63B5E}.Debug|Any CPU.Build.0 = Debug|Any CPU
		{13DE4D08-923B-4379-9489-CDDCBEF63B5E}.Release|Any CPU.ActiveCfg = Release|Any CPU
		{13DE4D08-923B-4379-9489-CDDCBEF63B5E}.Release|Any CPU.Build.0 = Release|Any CPU
		{A237149F-DFC5-4B6C-B30F-AAAF3C8EDB9D}.Debug|Any CPU.ActiveCfg = Debug|Any CPU
		{A237149F-DFC5-4B6C-B30F-AAAF3C8EDB9D}.Debug|Any CPU.Build.0 = Debug|Any CPU
		{A237149F-DFC5-4B6C-B30F-AAAF3C8EDB9D}.Release|Any CPU.ActiveCfg = Release|Any CPU
		{A237149F-DFC5-4B6C-B30F-AAAF3C8EDB9D}.Release|Any CPU.Build.0 = Release|Any CPU
	EndGlobalSection
	GlobalSection(SolutionProperties) = preSolution
		HideSolutionNode = FALSE
	EndGlobalSection
	GlobalSection(ExtensibilityGlobals) = postSolution
		SolutionGuid = {7E873A00-1388-4E44-8D3A-3D4A8766AD28}
	EndGlobalSection
EndGlobal
